// !$*UTF8*$!
{
	archiveVersion = 1;
	classes = {
	};
	objectVersion = 56;
	objects = {

/* Begin PBXBuildFile section */
		1428EAE229F6786D0094FFDE /* astronauts.json in Resources */ = {isa = PBXBuildFile; fileRef = 1428EAE129F6786D0094FFDE /* astronauts.json */; };
		1428EAE429F678780094FFDE /* missions.json in Resources */ = {isa = PBXBuildFile; fileRef = 1428EAE329F678780094FFDE /* missions.json */; };
		1428EAE629F67DEB0094FFDE /* Astronaut.swift in Sources */ = {isa = PBXBuildFile; fileRef = 1428EAE529F67DEB0094FFDE /* Astronaut.swift */; };
		1428EAE829F67E510094FFDE /* Bundle_Decodable.swift in Sources */ = {isa = PBXBuildFile; fileRef = 1428EAE729F67E510094FFDE /* Bundle_Decodable.swift */; };
		1428EAEA29F6831B0094FFDE /* Mission.swift in Sources */ = {isa = PBXBuildFile; fileRef = 1428EAE929F6831B0094FFDE /* Mission.swift */; };
		14338A2929F7CE0B004CE75E /* Color_Theme.swift in Sources */ = {isa = PBXBuildFile; fileRef = 14338A2829F7CE0B004CE75E /* Color_Theme.swift */; };
		14338A2B29F8ECBA004CE75E /* MissionView.swift in Sources */ = {isa = PBXBuildFile; fileRef = 14338A2A29F8ECBA004CE75E /* MissionView.swift */; };
		14338A2D29F8FDB0004CE75E /* AstronautView.swift in Sources */ = {isa = PBXBuildFile; fileRef = 14338A2C29F8FDB0004CE75E /* AstronautView.swift */; };
		14338A2F29F914FD004CE75E /* CustomDivider.swift in Sources */ = {isa = PBXBuildFile; fileRef = 14338A2E29F914FD004CE75E /* CustomDivider.swift */; };
		14338A3129F915C3004CE75E /* CrewRoster.swift in Sources */ = {isa = PBXBuildFile; fileRef = 14338A3029F915C3004CE75E /* CrewRoster.swift */; };
		14338A3329F91742004CE75E /* GridLayout.swift in Sources */ = {isa = PBXBuildFile; fileRef = 14338A3229F91742004CE75E /* GridLayout.swift */; };
		14338A3529F918DA004CE75E /* ListLayout.swift in Sources */ = {isa = PBXBuildFile; fileRef = 14338A3429F918DA004CE75E /* ListLayout.swift */; };
		148E623429F51648002F5A74 /* MonshotApp.swift in Sources */ = {isa = PBXBuildFile; fileRef = 148E623329F51648002F5A74 /* MonshotApp.swift */; };
		148E623629F51648002F5A74 /* ContentView.swift in Sources */ = {isa = PBXBuildFile; fileRef = 148E623529F51648002F5A74 /* ContentView.swift */; };
		148E623829F51649002F5A74 /* Assets.xcassets in Resources */ = {isa = PBXBuildFile; fileRef = 148E623729F51649002F5A74 /* Assets.xcassets */; };
		148E623B29F51649002F5A74 /* Preview Assets.xcassets in Resources */ = {isa = PBXBuildFile; fileRef = 148E623A29F51649002F5A74 /* Preview Assets.xcassets */; };
/* End PBXBuildFile section */

/* Begin PBXFileReference section */
		1428EAE129F6786D0094FFDE /* astronauts.json */ = {isa = PBXFileReference; fileEncoding = 4; lastKnownFileType = text.json; path = astronauts.json; sourceTree = "<group>"; };
		1428EAE329F678780094FFDE /* missions.json */ = {isa = PBXFileReference; fileEncoding = 4; lastKnownFileType = text.json; path = missions.json; sourceTree = "<group>"; };
		1428EAE529F67DEB0094FFDE /* Astronaut.swift */ = {isa = PBXFileReference; lastKnownFileType = sourcecode.swift; path = Astronaut.swift; sourceTree = "<group>"; };
		1428EAE729F67E510094FFDE /* Bundle_Decodable.swift */ = {isa = PBXFileReference; lastKnownFileType = sourcecode.swift; path = Bundle_Decodable.swift; sourceTree = "<group>"; };
		1428EAE929F6831B0094FFDE /* Mission.swift */ = {isa = PBXFileReference; lastKnownFileType = sourcecode.swift; path = Mission.swift; sourceTree = "<group>"; };
		14338A2829F7CE0B004CE75E /* Color_Theme.swift */ = {isa = PBXFileReference; lastKnownFileType = sourcecode.swift; path = Color_Theme.swift; sourceTree = "<group>"; };
		14338A2A29F8ECBA004CE75E /* MissionView.swift */ = {isa = PBXFileReference; lastKnownFileType = sourcecode.swift; path = MissionView.swift; sourceTree = "<group>"; };
		14338A2C29F8FDB0004CE75E /* AstronautView.swift */ = {isa = PBXFileReference; lastKnownFileType = sourcecode.swift; path = AstronautView.swift; sourceTree = "<group>"; };
		14338A2E29F914FD004CE75E /* CustomDivider.swift */ = {isa = PBXFileReference; lastKnownFileType = sourcecode.swift; path = CustomDivider.swift; sourceTree = "<group>"; };
		14338A3029F915C3004CE75E /* CrewRoster.swift */ = {isa = PBXFileReference; lastKnownFileType = sourcecode.swift; path = CrewRoster.swift; sourceTree = "<group>"; };
		14338A3229F91742004CE75E /* GridLayout.swift */ = {isa = PBXFileReference; lastKnownFileType = sourcecode.swift; path = GridLayout.swift; sourceTree = "<group>"; };
		14338A3429F918DA004CE75E /* ListLayout.swift */ = {isa = PBXFileReference; lastKnownFileType = sourcecode.swift; path = ListLayout.swift; sourceTree = "<group>"; };
		148E623029F51648002F5A74 /* Monshot.app */ = {isa = PBXFileReference; explicitFileType = wrapper.application; includeInIndex = 0; path = Monshot.app; sourceTree = BUILT_PRODUCTS_DIR; };
		148E623329F51648002F5A74 /* MonshotApp.swift */ = {isa = PBXFileReference; lastKnownFileType = sourcecode.swift; path = MonshotApp.swift; sourceTree = "<group>"; };
		148E623529F51648002F5A74 /* ContentView.swift */ = {isa = PBXFileReference; lastKnownFileType = sourcecode.swift; path = ContentView.swift; sourceTree = "<group>"; };
		148E623729F51649002F5A74 /* Assets.xcassets */ = {isa = PBXFileReference; lastKnownFileType = folder.assetcatalog; path = Assets.xcassets; sourceTree = "<group>"; };
		148E623A29F51649002F5A74 /* Preview Assets.xcassets */ = {isa = PBXFileReference; lastKnownFileType = folder.assetcatalog; path = "Preview Assets.xcassets"; sourceTree = "<group>"; };
/* End PBXFileReference section */

/* Begin PBXFrameworksBuildPhase section */
		148E622D29F51648002F5A74 /* Frameworks */ = {
			isa = PBXFrameworksBuildPhase;
			buildActionMask = 2147483647;
			files = (
			);
			runOnlyForDeploymentPostprocessing = 0;
		};
/* End PBXFrameworksBuildPhase section */

/* Begin PBXGroup section */
		148E622729F51648002F5A74 = {
			isa = PBXGroup;
			children = (
				148E623229F51648002F5A74 /* Monshot */,
				148E623129F51648002F5A74 /* Products */,
			);
			sourceTree = "<group>";
		};
		148E623129F51648002F5A74 /* Products */ = {
			isa = PBXGroup;
			children = (
				148E623029F51648002F5A74 /* Monshot.app */,
			);
			name = Products;
			sourceTree = "<group>";
		};
		148E623229F51648002F5A74 /* Monshot */ = {
			isa = PBXGroup;
			children = (
				148E623329F51648002F5A74 /* MonshotApp.swift */,
				148E623529F51648002F5A74 /* ContentView.swift */,
				14338A3429F918DA004CE75E /* ListLayout.swift */,
				14338A3229F91742004CE75E /* GridLayout.swift */,
				14338A2A29F8ECBA004CE75E /* MissionView.swift */,
				14338A3029F915C3004CE75E /* CrewRoster.swift */,
				14338A2E29F914FD004CE75E /* CustomDivider.swift */,
				14338A2C29F8FDB0004CE75E /* AstronautView.swift */,
				1428EAE529F67DEB0094FFDE /* Astronaut.swift */,
				1428EAE929F6831B0094FFDE /* Mission.swift */,
				1428EAE729F67E510094FFDE /* Bundle_Decodable.swift */,
				14338A2829F7CE0B004CE75E /* Color_Theme.swift */,
				1428EAE129F6786D0094FFDE /* astronauts.json */,
				1428EAE329F678780094FFDE /* missions.json */,
				148E623729F51649002F5A74 /* Assets.xcassets */,
				148E623929F51649002F5A74 /* Preview Content */,
			);
			path = Monshot;
			sourceTree = "<group>";
		};
		148E623929F51649002F5A74 /* Preview Content */ = {
			isa = PBXGroup;
			children = (
				148E623A29F51649002F5A74 /* Preview Assets.xcassets */,
			);
			path = "Preview Content";
			sourceTree = "<group>";
		};
/* End PBXGroup section */

/* Begin PBXNativeTarget section */
		148E622F29F51648002F5A74 /* Monshot */ = {
			isa = PBXNativeTarget;
			buildConfigurationList = 148E623E29F51649002F5A74 /* Build configuration list for PBXNativeTarget "Monshot" */;
			buildPhases = (
				148E622C29F51648002F5A74 /* Sources */,
				148E622D29F51648002F5A74 /* Frameworks */,
				148E622E29F51648002F5A74 /* Resources */,
			);
			buildRules = (
			);
			dependencies = (
			);
			name = Monshot;
			productName = Monshot;
			productReference = 148E623029F51648002F5A74 /* Monshot.app */;
			productType = "com.apple.product-type.application";
		};
/* End PBXNativeTarget section */

/* Begin PBXProject section */
		148E622829F51648002F5A74 /* Project object */ = {
			isa = PBXProject;
			attributes = {
				BuildIndependentTargetsInParallel = 1;
				LastSwiftUpdateCheck = 1430;
				LastUpgradeCheck = 1430;
				TargetAttributes = {
					148E622F29F51648002F5A74 = {
						CreatedOnToolsVersion = 14.3;
					};
				};
			};
			buildConfigurationList = 148E622B29F51648002F5A74 /* Build configuration list for PBXProject "Monshot" */;
			compatibilityVersion = "Xcode 14.0";
			developmentRegion = en;
			hasScannedForEncodings = 0;
			knownRegions = (
				en,
				Base,
			);
			mainGroup = 148E622729F51648002F5A74;
			productRefGroup = 148E623129F51648002F5A74 /* Products */;
			projectDirPath = "";
			projectRoot = "";
			targets = (
				148E622F29F51648002F5A74 /* Monshot */,
			);
		};
/* End PBXProject section */

/* Begin PBXResourcesBuildPhase section */
		148E622E29F51648002F5A74 /* Resources */ = {
			isa = PBXResourcesBuildPhase;
			buildActionMask = 2147483647;
			files = (
				1428EAE229F6786D0094FFDE /* astronauts.json in Resources */,
				148E623B29F51649002F5A74 /* Preview Assets.xcassets in Resources */,
				1428EAE429F678780094FFDE /* missions.json in Resources */,
				148E623829F51649002F5A74 /* Assets.xcassets in Resources */,
			);
			runOnlyForDeploymentPostprocessing = 0;
		};
/* End PBXResourcesBuildPhase section */

/* Begin PBXSourcesBuildPhase section */
		148E622C29F51648002F5A74 /* Sources */ = {
			isa = PBXSourcesBuildPhase;
			buildActionMask = 2147483647;
			files = (
				14338A2B29F8ECBA004CE75E /* MissionView.swift in Sources */,
				1428EAE629F67DEB0094FFDE /* Astronaut.swift in Sources */,
				14338A2D29F8FDB0004CE75E /* AstronautView.swift in Sources */,
				14338A3129F915C3004CE75E /* CrewRoster.swift in Sources */,
				14338A2929F7CE0B004CE75E /* Color_Theme.swift in Sources */,
				1428EAE829F67E510094FFDE /* Bundle_Decodable.swift in Sources */,
				148E623629F51648002F5A74 /* ContentView.swift in Sources */,
				1428EAEA29F6831B0094FFDE /* Mission.swift in Sources */,
				148E623429F51648002F5A74 /* MonshotApp.swift in Sources */,
				14338A3529F918DA004CE75E /* ListLayout.swift in Sources */,
				14338A2F29F914FD004CE75E /* CustomDivider.swift in Sources */,
				14338A3329F91742004CE75E /* GridLayout.swift in Sources */,
			);
			runOnlyForDeploymentPostprocessing = 0;
		};
/* End PBXSourcesBuildPhase section */

/* Begin XCBuildConfiguration section */
		148E623C29F51649002F5A74 /* Debug */ = {
			isa = XCBuildConfiguration;
			buildSettings = {
				ALWAYS_SEARCH_USER_PATHS = NO;
				CLANG_ANALYZER_NONNULL = YES;
				CLANG_ANALYZER_NUMBER_OBJECT_CONVERSION = YES_AGGRESSIVE;
				CLANG_CXX_LANGUAGE_STANDARD = "gnu++20";
				CLANG_ENABLE_MODULES = YES;
				CLANG_ENABLE_OBJC_ARC = YES;
				CLANG_ENABLE_OBJC_WEAK = YES;
				CLANG_WARN_BLOCK_CAPTURE_AUTORELEASING = YES;
				CLANG_WARN_BOOL_CONVERSION = YES;
				CLANG_WARN_COMMA = YES;
				CLANG_WARN_CONSTANT_CONVERSION = YES;
				CLANG_WARN_DEPRECATED_OBJC_IMPLEMENTATIONS = YES;
				CLANG_WARN_DIRECT_OBJC_ISA_USAGE = YES_ERROR;
				CLANG_WARN_DOCUMENTATION_COMMENTS = YES;
				CLANG_WARN_EMPTY_BODY = YES;
				CLANG_WARN_ENUM_CONVERSION = YES;
				CLANG_WARN_INFINITE_RECURSION = YES;
				CLANG_WARN_INT_CONVERSION = YES;
				CLANG_WARN_NON_LITERAL_NULL_CONVERSION = YES;
				CLANG_WARN_OBJC_IMPLICIT_RETAIN_SELF = YES;
				CLANG_WARN_OBJC_LITERAL_CONVERSION = YES;
				CLANG_WARN_OBJC_ROOT_CLASS = YES_ERROR;
				CLANG_WARN_QUOTED_INCLUDE_IN_FRAMEWORK_HEADER = YES;
				CLANG_WARN_RANGE_LOOP_ANALYSIS = YES;
				CLANG_WARN_STRICT_PROTOTYPES = YES;
				CLANG_WARN_SUSPICIOUS_MOVE = YES;
				CLANG_WARN_UNGUARDED_AVAILABILITY = YES_AGGRESSIVE;
				CLANG_WARN_UNREACHABLE_CODE = YES;
				CLANG_WARN__DUPLICATE_METHOD_MATCH = YES;
				COPY_PHASE_STRIP = NO;
				DEBUG_INFORMATION_FORMAT = dwarf;
				ENABLE_STRICT_OBJC_MSGSEND = YES;
				ENABLE_TESTABILITY = YES;
				GCC_C_LANGUAGE_STANDARD = gnu11;
				GCC_DYNAMIC_NO_PIC = NO;
				GCC_NO_COMMON_BLOCKS = YES;
				GCC_OPTIMIZATION_LEVEL = 0;
				GCC_PREPROCESSOR_DEFINITIONS = (
					"DEBUG=1",
					"$(inherited)",
				);
				GCC_WARN_64_TO_32_BIT_CONVERSION = YES;
				GCC_WARN_ABOUT_RETURN_TYPE = YES_ERROR;
				GCC_WARN_UNDECLARED_SELECTOR = YES;
				GCC_WARN_UNINITIALIZED_AUTOS = YES_AGGRESSIVE;
				GCC_WARN_UNUSED_FUNCTION = YES;
				GCC_WARN_UNUSED_VARIABLE = YES;
				IPHONEOS_DEPLOYMENT_TARGET = 16.4;
				MTL_ENABLE_DEBUG_INFO = INCLUDE_SOURCE;
				MTL_FAST_MATH = YES;
				ONLY_ACTIVE_ARCH = YES;
				SDKROOT = iphoneos;
				SWIFT_ACTIVE_COMPILATION_CONDITIONS = DEBUG;
				SWIFT_OPTIMIZATION_LEVEL = "-Onone";
			};
			name = Debug;
		};
		148E623D29F51649002F5A74 /* Release */ = {
			isa = XCBuildConfiguration;
			buildSettings = {
				ALWAYS_SEARCH_USER_PATHS = NO;
				CLANG_ANALYZER_NONNULL = YES;
				CLANG_ANALYZER_NUMBER_OBJECT_CONVERSION = YES_AGGRESSIVE;
				CLANG_CXX_LANGUAGE_STANDARD = "gnu++20";
				CLANG_ENABLE_MODULES = YES;
				CLANG_ENABLE_OBJC_ARC = YES;
				CLANG_ENABLE_OBJC_WEAK = YES;
				CLANG_WARN_BLOCK_CAPTURE_AUTORELEASING = YES;
				CLANG_WARN_BOOL_CONVERSION = YES;
				CLANG_WARN_COMMA = YES;
				CLANG_WARN_CONSTANT_CONVERSION = YES;
				CLANG_WARN_DEPRECATED_OBJC_IMPLEMENTATIONS = YES;
				CLANG_WARN_DIRECT_OBJC_ISA_USAGE = YES_ERROR;
				CLANG_WARN_DOCUMENTATION_COMMENTS = YES;
				CLANG_WARN_EMPTY_BODY = YES;
				CLANG_WARN_ENUM_CONVERSION = YES;
				CLANG_WARN_INFINITE_RECURSION = YES;
				CLANG_WARN_INT_CONVERSION = YES;
				CLANG_WARN_NON_LITERAL_NULL_CONVERSION = YES;
				CLANG_WARN_OBJC_IMPLICIT_RETAIN_SELF = YES;
				CLANG_WARN_OBJC_LITERAL_CONVERSION = YES;
				CLANG_WARN_OBJC_ROOT_CLASS = YES_ERROR;
				CLANG_WARN_QUOTED_INCLUDE_IN_FRAMEWORK_HEADER = YES;
				CLANG_WARN_RANGE_LOOP_ANALYSIS = YES;
				CLANG_WARN_STRICT_PROTOTYPES = YES;
				CLANG_WARN_SUSPICIOUS_MOVE = YES;
				CLANG_WARN_UNGUARDED_AVAILABILITY = YES_AGGRESSIVE;
				CLANG_WARN_UNREACHABLE_CODE = YES;
				CLANG_WARN__DUPLICATE_METHOD_MATCH = YES;
				COPY_PHASE_STRIP = NO;
				DEBUG_INFORMATION_FORMAT = "dwarf-with-dsym";
				ENABLE_NS_ASSERTIONS = NO;
				ENABLE_STRICT_OBJC_MSGSEND = YES;
				GCC_C_LANGUAGE_STANDARD = gnu11;
				GCC_NO_COMMON_BLOCKS = YES;
				GCC_WARN_64_TO_32_BIT_CONVERSION = YES;
				GCC_WARN_ABOUT_RETURN_TYPE = YES_ERROR;
				GCC_WARN_UNDECLARED_SELECTOR = YES;
				GCC_WARN_UNINITIALIZED_AUTOS = YES_AGGRESSIVE;
				GCC_WARN_UNUSED_FUNCTION = YES;
				GCC_WARN_UNUSED_VARIABLE = YES;
				IPHONEOS_DEPLOYMENT_TARGET = 16.4;
				MTL_ENABLE_DEBUG_INFO = NO;
				MTL_FAST_MATH = YES;
				SDKROOT = iphoneos;
				SWIFT_COMPILATION_MODE = wholemodule;
				SWIFT_OPTIMIZATION_LEVEL = "-O";
				VALIDATE_PRODUCT = YES;
			};
			name = Release;
		};
		148E623F29F51649002F5A74 /* Debug */ = {
			isa = XCBuildConfiguration;
			buildSettings = {
				ASSETCATALOG_COMPILER_APPICON_NAME = AppIcon;
				ASSETCATALOG_COMPILER_GLOBAL_ACCENT_COLOR_NAME = AccentColor;
				ASSETCATALOG_COMPILER_INCLUDE_ALL_APPICON_ASSETS = YES;
				CODE_SIGN_STYLE = Automatic;
				CURRENT_PROJECT_VERSION = 1;
				DEVELOPMENT_ASSET_PATHS = "\"Monshot/Preview Content\"";
				DEVELOPMENT_TEAM = LLH5T3CR5A;
				ENABLE_PREVIEWS = YES;
				GENERATE_INFOPLIST_FILE = YES;
				INFOPLIST_KEY_UIApplicationSceneManifest_Generation = YES;
				INFOPLIST_KEY_UIApplicationSupportsIndirectInputEvents = YES;
				INFOPLIST_KEY_UILaunchScreen_Generation = YES;
				INFOPLIST_KEY_UISupportedInterfaceOrientations_iPad = "UIInterfaceOrientationPortrait UIInterfaceOrientationPortraitUpsideDown UIInterfaceOrientationLandscapeLeft UIInterfaceOrientationLandscapeRight";
				INFOPLIST_KEY_UISupportedInterfaceOrientations_iPhone = "UIInterfaceOrientationPortrait UIInterfaceOrientationLandscapeLeft UIInterfaceOrientationLandscapeRight";
				LD_RUNPATH_SEARCH_PATHS = (
					"$(inherited)",
					"@executable_path/Frameworks",
				);
				MARKETING_VERSION = 1.0;
				PRODUCT_BUNDLE_IDENTIFIER = "Taras-Kyparenko.Monshot";
				PRODUCT_NAME = "$(TARGET_NAME)";
				SWIFT_EMIT_LOC_STRINGS = YES;
				SWIFT_VERSION = 5.0;
				TARGETED_DEVICE_FAMILY = "1,2";
			};
			name = Debug;
		};
		148E624029F51649002F5A74 /* Release */ = {
			isa = XCBuildConfiguration;
			buildSettings = {
				ASSETCATALOG_COMPILER_APPICON_NAME = AppIcon;
				ASSETCATALOG_COMPILER_GLOBAL_ACCENT_COLOR_NAME = AccentColor;
				ASSETCATALOG_COMPILER_INCLUDE_ALL_APPICON_ASSETS = YES;
				CODE_SIGN_STYLE = Automatic;
				CURRENT_PROJECT_VERSION = 1;
				DEVELOPMENT_ASSET_PATHS = "\"Monshot/Preview Content\"";
				DEVELOPMENT_TEAM = LLH5T3CR5A;
				ENABLE_PREVIEWS = YES;
				GENERATE_INFOPLIST_FILE = YES;
				INFOPLIST_KEY_UIApplicationSceneManifest_Generation = YES;
				INFOPLIST_KEY_UIApplicationSupportsIndirectInputEvents = YES;
				INFOPLIST_KEY_UILaunchScreen_Generation = YES;
				INFOPLIST_KEY_UISupportedInterfaceOrientations_iPad = "UIInterfaceOrientationPortrait UIInterfaceOrientationPortraitUpsideDown UIInterfaceOrientationLandscapeLeft UIInterfaceOrientationLandscapeRight";
				INFOPLIST_KEY_UISupportedInterfaceOrientations_iPhone = "UIInterfaceOrientationPortrait UIInterfaceOrientationLandscapeLeft UIInterfaceOrientationLandscapeRight";
				LD_RUNPATH_SEARCH_PATHS = (
					"$(inherited)",
					"@executable_path/Frameworks",
				);
				MARKETING_VERSION = 1.0;
				PRODUCT_BUNDLE_IDENTIFIER = "Taras-Kyparenko.Monshot";
				PRODUCT_NAME = "$(TARGET_NAME)";
				SWIFT_EMIT_LOC_STRINGS = YES;
				SWIFT_VERSION = 5.0;
				TARGETED_DEVICE_FAMILY = "1,2";
			};
			name = Release;
		};
/* End XCBuildConfiguration section */

/* Begin XCConfigurationList section */
		148E622B29F51648002F5A74 /* Build configuration list for PBXProject "Monshot" */ = {
			isa = XCConfigurationList;
			buildConfigurations = (
				148E623C29F51649002F5A74 /* Debug */,
				148E623D29F51649002F5A74 /* Release */,
			);
			defaultConfigurationIsVisible = 0;
			defaultConfigurationName = Release;
		};
		148E623E29F51649002F5A74 /* Build configuration list for PBXNativeTarget "Monshot" */ = {
			isa = XCConfigurationList;
			buildConfigurations = (
				148E623F29F51649002F5A74 /* Debug */,
				148E624029F51649002F5A74 /* Release */,
			);
			defaultConfigurationIsVisible = 0;
			defaultConfigurationName = Release;
		};
/* End XCConfigurationList section */
	};
	rootObject = 148E622829F51648002F5A74 /* Project object */;
}
